
Microsoft Visual Studio Solution File, Format Version 12.00
# Visual Studio 2012
Project("{FAE04EC0-301F-11D3-BF4B-00C04F79EFBC}") = "Hue", "Hue\Hue.csproj", "{5F9881E0-B7F7-4D41-BD78-1F5388E65B5E}"
EndProject
Project("{FAE04EC0-301F-11D3-BF4B-00C04F79EFBC}") = "NetworkNotifier", "NetworkNotifier\NetworkNotifier.csproj", "{9201A69A-3C59-4997-BCE3-56508367A655}"
EndProject
Global
	GlobalSection(SolutionConfigurationPlatforms) = preSolution
		Debug|Any CPU = Debug|Any CPU
		Release|Any CPU = Release|Any CPU
	EndGlobalSection
	GlobalSection(ProjectConfigurationPlatforms) = postSolution
		{5F9881E0-B7F7-4D41-BD78-1F5388E65B5E}.Debug|Any CPU.ActiveCfg = Debug|Any CPU
		{5F9881E0-B7F7-4D41-BD78-1F5388E65B5E}.Debug|Any CPU.Build.0 = Debug|Any CPU
		{5F9881E0-B7F7-4D41-BD78-1F5388E65B5E}.Release|Any CPU.ActiveCfg = Release|Any CPU
		{5F9881E0-B7F7-4D41-BD78-1F5388E65B5E}.Release|Any CPU.Build.0 = Release|Any CPU
		{9201A69A-3C59-4997-BCE3-56508367A655}.Debug|Any CPU.ActiveCfg = Debug|Any CPU
		{9201A69A-3C59-4997-BCE3-56508367A655}.Debug|Any CPU.Build.0 = Debug|Any CPU
		{9201A69A-3C59-4997-BCE3-56508367A655}.Release|Any CPU.ActiveCfg = Release|Any CPU
		{9201A69A-3C59-4997-BCE3-56508367A655}.Release|Any CPU.Build.0 = Release|Any CPU
	EndGlobalSection
	GlobalSection(SolutionProperties) = preSolution
		HideSolutionNode = FALSE
	EndGlobalSection
EndGlobal
